
Microsoft Visual Studio Solution File, Format Version 12.00
# Visual Studio Version 17
VisualStudioVersion = 17.4.33205.214
MinimumVisualStudioVersion = 10.0.40219.1
Project("{FAE04EC0-301F-11D3-BF4B-00C04F79EFBC}") = "ДЗ с студентом 3(СиШарп)", "ДЗ с студентом 3(СиШарп).csproj", "{9E002DB9-08C3-43F4-A104-18B494986944}"
EndProject
Global
	GlobalSection(SolutionConfigurationPlatforms) = preSolution
		Debug|Any CPU = Debug|Any CPU
		Release|Any CPU = Release|Any CPU
	EndGlobalSection
	GlobalSection(ProjectConfigurationPlatforms) = postSolution
		{9E002DB9-08C3-43F4-A104-18B494986944}.Debug|Any CPU.ActiveCfg = Debug|Any CPU
		{9E002DB9-08C3-43F4-A104-18B494986944}.Debug|Any CPU.Build.0 = Debug|Any CPU
		{9E002DB9-08C3-43F4-A104-18B494986944}.Release|Any CPU.ActiveCfg = Release|Any CPU
		{9E002DB9-08C3-43F4-A104-18B494986944}.Release|Any CPU.Build.0 = Release|Any CPU
	EndGlobalSection
	GlobalSection(SolutionProperties) = preSolution
		HideSolutionNode = FALSE
	EndGlobalSection
	GlobalSection(ExtensibilityGlobals) = postSolution
		SolutionGuid = {2BDB24D7-41C0-4627-B420-25E844BAD33A}
	EndGlobalSection
EndGlobal
